
Microsoft Visual Studio Solution File, Format Version 12.00
# Visual Studio Version 16
VisualStudioVersion = 16.0.29613.14
MinimumVisualStudioVersion = 10.0.40219.1
Project("{FAE04EC0-301F-11D3-BF4B-00C04F79EFBC}") = "CovidAPI", "CovidAPI\CovidAPI.csproj", "{04DD242C-EFFC-4294-A7E0-BD9DCE4E4758}"
EndProject
Project("{FAE04EC0-301F-11D3-BF4B-00C04F79EFBC}") = "CovidPipeline", "CovidPipeline\CovidPipeline.csproj", "{F030900C-9B8C-4F20-A823-0B90E9EC0BAE}"
EndProject
Global
	GlobalSection(SolutionConfigurationPlatforms) = preSolution
		Debug|Any CPU = Debug|Any CPU
		Release|Any CPU = Release|Any CPU
	EndGlobalSection
	GlobalSection(ProjectConfigurationPlatforms) = postSolution
		{04DD242C-EFFC-4294-A7E0-BD9DCE4E4758}.Debug|Any CPU.ActiveCfg = Debug|Any CPU
		{04DD242C-EFFC-4294-A7E0-BD9DCE4E4758}.Debug|Any CPU.Build.0 = Debug|Any CPU
		{04DD242C-EFFC-4294-A7E0-BD9DCE4E4758}.Release|Any CPU.ActiveCfg = Release|Any CPU
		{04DD242C-EFFC-4294-A7E0-BD9DCE4E4758}.Release|Any CPU.Build.0 = Release|Any CPU
		{F030900C-9B8C-4F20-A823-0B90E9EC0BAE}.Debug|Any CPU.ActiveCfg = Debug|Any CPU
		{F030900C-9B8C-4F20-A823-0B90E9EC0BAE}.Debug|Any CPU.Build.0 = Debug|Any CPU
		{F030900C-9B8C-4F20-A823-0B90E9EC0BAE}.Release|Any CPU.ActiveCfg = Release|Any CPU
		{F030900C-9B8C-4F20-A823-0B90E9EC0BAE}.Release|Any CPU.Build.0 = Release|Any CPU
	EndGlobalSection
	GlobalSection(SolutionProperties) = preSolution
		HideSolutionNode = FALSE
	EndGlobalSection
	GlobalSection(ExtensibilityGlobals) = postSolution
		SolutionGuid = {D4F9AFDA-BC21-4FEC-8F43-19AFEA9130AC}
	EndGlobalSection
EndGlobal
